
Microsoft Visual Studio Solution File, Format Version 12.00
# Visual Studio Version 17
VisualStudioVersion = 17.3.32929.385
MinimumVisualStudioVersion = 10.0.40219.1
Project("{FAE04EC0-301F-11D3-BF4B-00C04F79EFBC}") = "EASY ATM HAHAHAH", "EASY ATM HAHAHAH.csproj", "{2EEFA33E-C728-46AA-9BA5-BC6321AE5A0A}"
EndProject
Global
	GlobalSection(SolutionConfigurationPlatforms) = preSolution
		Debug|Any CPU = Debug|Any CPU
		Release|Any CPU = Release|Any CPU
	EndGlobalSection
	GlobalSection(ProjectConfigurationPlatforms) = postSolution
		{2EEFA33E-C728-46AA-9BA5-BC6321AE5A0A}.Debug|Any CPU.ActiveCfg = Debug|Any CPU
		{2EEFA33E-C728-46AA-9BA5-BC6321AE5A0A}.Debug|Any CPU.Build.0 = Debug|Any CPU
		{2EEFA33E-C728-46AA-9BA5-BC6321AE5A0A}.Release|Any CPU.ActiveCfg = Release|Any CPU
		{2EEFA33E-C728-46AA-9BA5-BC6321AE5A0A}.Release|Any CPU.Build.0 = Release|Any CPU
	EndGlobalSection
	GlobalSection(SolutionProperties) = preSolution
		HideSolutionNode = FALSE
	EndGlobalSection
	GlobalSection(ExtensibilityGlobals) = postSolution
		SolutionGuid = {B0CFA60C-FCB3-4020-A74F-6E8A799BC6AD}
	EndGlobalSection
EndGlobal
